
Microsoft Visual Studio Solution File, Format Version 12.00
# Visual Studio 14
VisualStudioVersion = 14.0.25123.0
MinimumVisualStudioVersion = 10.0.40219.1
Project("{FAE04EC0-301F-11D3-BF4B-00C04F79EFBC}") = "TJournal", "TJournal\TJournal.csproj", "{4CD4FCCE-D407-4A5C-845A-C91CA2FDB579}"
EndProject
Project("{FAE04EC0-301F-11D3-BF4B-00C04F79EFBC}") = "TJ.ViewModels", "TJ.ViewModels\TJ.ViewModels.csproj", "{30D1A730-EFA6-4382-99A2-B4BA623ED0F1}"
EndProject
Project("{FAE04EC0-301F-11D3-BF4B-00C04F79EFBC}") = "TJ.Models", "TJ.Models\TJ.Models.csproj", "{17CEC7FE-18B6-45A2-8B22-9C1E6C91171C}"
EndProject
Project("{FAE04EC0-301F-11D3-BF4B-00C04F79EFBC}") = "TJ.GetData", "TJ.GetData\TJ.GetData.csproj", "{DFB075BD-F68B-4815-8BC9-10ABB4D6237D}"
EndProject
Global
	GlobalSection(SolutionConfigurationPlatforms) = preSolution
		Debug|Any CPU = Debug|Any CPU
		Debug|ARM = Debug|ARM
		Debug|x64 = Debug|x64
		Debug|x86 = Debug|x86
		Release|Any CPU = Release|Any CPU
		Release|ARM = Release|ARM
		Release|x64 = Release|x64
		Release|x86 = Release|x86
	EndGlobalSection
	GlobalSection(ProjectConfigurationPlatforms) = postSolution
		{4CD4FCCE-D407-4A5C-845A-C91CA2FDB579}.Debug|Any CPU.ActiveCfg = Debug|x86
		{4CD4FCCE-D407-4A5C-845A-C91CA2FDB579}.Debug|ARM.ActiveCfg = Debug|ARM
		{4CD4FCCE-D407-4A5C-845A-C91CA2FDB579}.Debug|ARM.Build.0 = Debug|ARM
		{4CD4FCCE-D407-4A5C-845A-C91CA2FDB579}.Debug|ARM.Deploy.0 = Debug|ARM
		{4CD4FCCE-D407-4A5C-845A-C91CA2FDB579}.Debug|x64.ActiveCfg = Debug|x64
		{4CD4FCCE-D407-4A5C-845A-C91CA2FDB579}.Debug|x64.Build.0 = Debug|x64
		{4CD4FCCE-D407-4A5C-845A-C91CA2FDB579}.Debug|x64.Deploy.0 = Debug|x64
		{4CD4FCCE-D407-4A5C-845A-C91CA2FDB579}.Debug|x86.ActiveCfg = Debug|x86
		{4CD4FCCE-D407-4A5C-845A-C91CA2FDB579}.Debug|x86.Build.0 = Debug|x86
		{4CD4FCCE-D407-4A5C-845A-C91CA2FDB579}.Debug|x86.Deploy.0 = Debug|x86
		{4CD4FCCE-D407-4A5C-845A-C91CA2FDB579}.Release|Any CPU.ActiveCfg = Release|x86
		{4CD4FCCE-D407-4A5C-845A-C91CA2FDB579}.Release|ARM.ActiveCfg = Release|ARM
		{4CD4FCCE-D407-4A5C-845A-C91CA2FDB579}.Release|ARM.Build.0 = Release|ARM
		{4CD4FCCE-D407-4A5C-845A-C91CA2FDB579}.Release|ARM.Deploy.0 = Release|ARM
		{4CD4FCCE-D407-4A5C-845A-C91CA2FDB579}.Release|x64.ActiveCfg = Release|x64
		{4CD4FCCE-D407-4A5C-845A-C91CA2FDB579}.Release|x64.Build.0 = Release|x64
		{4CD4FCCE-D407-4A5C-845A-C91CA2FDB579}.Release|x64.Deploy.0 = Release|x64
		{4CD4FCCE-D407-4A5C-845A-C91CA2FDB579}.Release|x86.ActiveCfg = Release|x86
		{4CD4FCCE-D407-4A5C-845A-C91CA2FDB579}.Release|x86.Build.0 = Release|x86
		{4CD4FCCE-D407-4A5C-845A-C91CA2FDB579}.Release|x86.Deploy.0 = Release|x86
		{30D1A730-EFA6-4382-99A2-B4BA623ED0F1}.Debug|Any CPU.ActiveCfg = Debug|Any CPU
		{30D1A730-EFA6-4382-99A2-B4BA623ED0F1}.Debug|Any CPU.Build.0 = Debug|Any CPU
		{30D1A730-EFA6-4382-99A2-B4BA623ED0F1}.Debug|ARM.ActiveCfg = Debug|ARM
		{30D1A730-EFA6-4382-99A2-B4BA623ED0F1}.Debug|ARM.Build.0 = Debug|ARM
		{30D1A730-EFA6-4382-99A2-B4BA623ED0F1}.Debug|x64.ActiveCfg = Debug|x64
		{30D1A730-EFA6-4382-99A2-B4BA623ED0F1}.Debug|x64.Build.0 = Debug|x64
		{30D1A730-EFA6-4382-99A2-B4BA623ED0F1}.Debug|x86.ActiveCfg = Debug|x86
		{30D1A730-EFA6-4382-99A2-B4BA623ED0F1}.Debug|x86.Build.0 = Debug|x86
		{30D1A730-EFA6-4382-99A2-B4BA623ED0F1}.Release|Any CPU.ActiveCfg = Release|Any CPU
		{30D1A730-EFA6-4382-99A2-B4BA623ED0F1}.Release|Any CPU.Build.0 = Release|Any CPU
		{30D1A730-EFA6-4382-99A2-B4BA623ED0F1}.Release|ARM.ActiveCfg = Release|ARM
		{30D1A730-EFA6-4382-99A2-B4BA623ED0F1}.Release|ARM.Build.0 = Release|ARM
		{30D1A730-EFA6-4382-99A2-B4BA623ED0F1}.Release|x64.ActiveCfg = Release|x64
		{30D1A730-EFA6-4382-99A2-B4BA623ED0F1}.Release|x64.Build.0 = Release|x64
		{30D1A730-EFA6-4382-99A2-B4BA623ED0F1}.Release|x86.ActiveCfg = Release|x86
		{30D1A730-EFA6-4382-99A2-B4BA623ED0F1}.Release|x86.Build.0 = Release|x86
		{17CEC7FE-18B6-45A2-8B22-9C1E6C91171C}.Debug|Any CPU.ActiveCfg = Debug|Any CPU
		{17CEC7FE-18B6-45A2-8B22-9C1E6C91171C}.Debug|Any CPU.Build.0 = Debug|Any CPU
		{17CEC7FE-18B6-45A2-8B22-9C1E6C91171C}.Debug|ARM.ActiveCfg = Debug|ARM
		{17CEC7FE-18B6-45A2-8B22-9C1E6C91171C}.Debug|ARM.Build.0 = Debug|ARM
		{17CEC7FE-18B6-45A2-8B22-9C1E6C91171C}.Debug|x64.ActiveCfg = Debug|x64
		{17CEC7FE-18B6-45A2-8B22-9C1E6C91171C}.Debug|x64.Build.0 = Debug|x64
		{17CEC7FE-18B6-45A2-8B22-9C1E6C91171C}.Debug|x86.ActiveCfg = Debug|x86
		{17CEC7FE-18B6-45A2-8B22-9C1E6C91171C}.Debug|x86.Build.0 = Debug|x86
		{17CEC7FE-18B6-45A2-8B22-9C1E6C91171C}.Release|Any CPU.ActiveCfg = Release|Any CPU
		{17CEC7FE-18B6-45A2-8B22-9C1E6C91171C}.Release|Any CPU.Build.0 = Release|Any CPU
		{17CEC7FE-18B6-45A2-8B22-9C1E6C91171C}.Release|ARM.ActiveCfg = Release|ARM
		{17CEC7FE-18B6-45A2-8B22-9C1E6C91171C}.Release|ARM.Build.0 = Release|ARM
		{17CEC7FE-18B6-45A2-8B22-9C1E6C91171C}.Release|x64.ActiveCfg = Release|x64
		{17CEC7FE-18B6-45A2-8B22-9C1E6C91171C}.Release|x64.Build.0 = Release|x64
		{17CEC7FE-18B6-45A2-8B22-9C1E6C91171C}.Release|x86.ActiveCfg = Release|x86
		{17CEC7FE-18B6-45A2-8B22-9C1E6C91171C}.Release|x86.Build.0 = Release|x86
		{DFB075BD-F68B-4815-8BC9-10ABB4D6237D}.Debug|Any CPU.ActiveCfg = Debug|Any CPU
		{DFB075BD-F68B-4815-8BC9-10ABB4D6237D}.Debug|Any CPU.Build.0 = Debug|Any CPU
		{DFB075BD-F68B-4815-8BC9-10ABB4D6237D}.Debug|ARM.ActiveCfg = Debug|ARM
		{DFB075BD-F68B-4815-8BC9-10ABB4D6237D}.Debug|ARM.Build.0 = Debug|ARM
		{DFB075BD-F68B-4815-8BC9-10ABB4D6237D}.Debug|x64.ActiveCfg = Debug|x64
		{DFB075BD-F68B-4815-8BC9-10ABB4D6237D}.Debug|x64.Build.0 = Debug|x64
		{DFB075BD-F68B-4815-8BC9-10ABB4D6237D}.Debug|x86.ActiveCfg = Debug|x86
		{DFB075BD-F68B-4815-8BC9-10ABB4D6237D}.Debug|x86.Build.0 = Debug|x86
		{DFB075BD-F68B-4815-8BC9-10ABB4D6237D}.Release|Any CPU.ActiveCfg = Release|Any CPU
		{DFB075BD-F68B-4815-8BC9-10ABB4D6237D}.Release|Any CPU.Build.0 = Release|Any CPU
		{DFB075BD-F68B-4815-8BC9-10ABB4D6237D}.Release|ARM.ActiveCfg = Release|ARM
		{DFB075BD-F68B-4815-8BC9-10ABB4D6237D}.Release|ARM.Build.0 = Release|ARM
		{DFB075BD-F68B-4815-8BC9-10ABB4D6237D}.Release|x64.ActiveCfg = Release|x64
		{DFB075BD-F68B-4815-8BC9-10ABB4D6237D}.Release|x64.Build.0 = Release|x64
		{DFB075BD-F68B-4815-8BC9-10ABB4D6237D}.Release|x86.ActiveCfg = Release|x86
		{DFB075BD-F68B-4815-8BC9-10ABB4D6237D}.Release|x86.Build.0 = Release|x86
	EndGlobalSection
	GlobalSection(SolutionProperties) = preSolution
		HideSolutionNode = FALSE
	EndGlobalSection
EndGlobal
